
Microsoft Visual Studio Solution File, Format Version 12.00
# Visual Studio Version 16
VisualStudioVersion = 16.0.32630.194
MinimumVisualStudioVersion = 10.0.40219.1
Project("{FAE04EC0-301F-11D3-BF4B-00C04F79EFBC}") = "KampIntro", "KampIntro\KampIntro.csproj", "{80BDF9B9-93AD-4926-8141-CB0661E0C85B}"
EndProject
Project("{FAE04EC0-301F-11D3-BF4B-00C04F79EFBC}") = "Donguler", "Donguler\Donguler.csproj", "{1FDE00C8-8045-4959-88DF-7643E8FAD209}"
EndProject
Project("{FAE04EC0-301F-11D3-BF4B-00C04F79EFBC}") = "ClassIntro", "ClassIntro\ClassIntro.csproj", "{EF156839-52F3-49E1-A11F-F8C807150FE3}"
EndProject
Project("{FAE04EC0-301F-11D3-BF4B-00C04F79EFBC}") = "Metotlar", "Metotlar\Metotlar.csproj", "{155EA22B-FB31-4783-AC2F-498E48924AC3}"
EndProject
Project("{FAE04EC0-301F-11D3-BF4B-00C04F79EFBC}") = "Matematik", "Matematik\Matematik.csproj", "{C09C4875-FA01-4664-A505-2E3050B26033}"
EndProject
Project("{FAE04EC0-301F-11D3-BF4B-00C04F79EFBC}") = "DegerVeReferansTipler", "DegerVeReferansTipler\DegerVeReferansTipler.csproj", "{FD842AD2-698C-4E5D-8467-0F17DF750BF9}"
EndProject
Project("{9A19103F-16F7-4668-BE54-9A1E7A4F7556}") = "OOP1", "OOP1\OOP1.csproj", "{0F275222-5FE4-4D4A-BEBE-08108CFB772B}"
EndProject
Project("{9A19103F-16F7-4668-BE54-9A1E7A4F7556}") = "Koleksiyonlar", "Koleksiyonlar\Koleksiyonlar.csproj", "{113454BB-9BF7-441F-BF38-59DB63203CD9}"
EndProject
Project("{9A19103F-16F7-4668-BE54-9A1E7A4F7556}") = "GenericsIntro", "GenericsIntro\GenericsIntro.csproj", "{A9517294-87F9-4421-B20D-D5E89EC02C2E}"
EndProject
Project("{9A19103F-16F7-4668-BE54-9A1E7A4F7556}") = "OOP2", "OOP2\OOP2.csproj", "{81BA4E67-62C5-4940-8815-31E47F93BB0F}"
EndProject
Project("{FAE04EC0-301F-11D3-BF4B-00C04F79EFBC}") = "OOP3", "OOP3\OOP3.csproj", "{7EFA1EC9-719D-4B53-B34A-264D07F3A11F}"
EndProject
Global
	GlobalSection(SolutionConfigurationPlatforms) = preSolution
		Debug|Any CPU = Debug|Any CPU
		Release|Any CPU = Release|Any CPU
	EndGlobalSection
	GlobalSection(ProjectConfigurationPlatforms) = postSolution
		{80BDF9B9-93AD-4926-8141-CB0661E0C85B}.Debug|Any CPU.ActiveCfg = Debug|Any CPU
		{80BDF9B9-93AD-4926-8141-CB0661E0C85B}.Debug|Any CPU.Build.0 = Debug|Any CPU
		{80BDF9B9-93AD-4926-8141-CB0661E0C85B}.Release|Any CPU.ActiveCfg = Release|Any CPU
		{80BDF9B9-93AD-4926-8141-CB0661E0C85B}.Release|Any CPU.Build.0 = Release|Any CPU
		{1FDE00C8-8045-4959-88DF-7643E8FAD209}.Debug|Any CPU.ActiveCfg = Debug|Any CPU
		{1FDE00C8-8045-4959-88DF-7643E8FAD209}.Debug|Any CPU.Build.0 = Debug|Any CPU
		{1FDE00C8-8045-4959-88DF-7643E8FAD209}.Release|Any CPU.ActiveCfg = Release|Any CPU
		{1FDE00C8-8045-4959-88DF-7643E8FAD209}.Release|Any CPU.Build.0 = Release|Any CPU
		{EF156839-52F3-49E1-A11F-F8C807150FE3}.Debug|Any CPU.ActiveCfg = Debug|Any CPU
		{EF156839-52F3-49E1-A11F-F8C807150FE3}.Debug|Any CPU.Build.0 = Debug|Any CPU
		{EF156839-52F3-49E1-A11F-F8C807150FE3}.Release|Any CPU.ActiveCfg = Release|Any CPU
		{EF156839-52F3-49E1-A11F-F8C807150FE3}.Release|Any CPU.Build.0 = Release|Any CPU
		{155EA22B-FB31-4783-AC2F-498E48924AC3}.Debug|Any CPU.ActiveCfg = Debug|Any CPU
		{155EA22B-FB31-4783-AC2F-498E48924AC3}.Debug|Any CPU.Build.0 = Debug|Any CPU
		{155EA22B-FB31-4783-AC2F-498E48924AC3}.Release|Any CPU.ActiveCfg = Release|Any CPU
		{155EA22B-FB31-4783-AC2F-498E48924AC3}.Release|Any CPU.Build.0 = Release|Any CPU
		{C09C4875-FA01-4664-A505-2E3050B26033}.Debug|Any CPU.ActiveCfg = Debug|Any CPU
		{C09C4875-FA01-4664-A505-2E3050B26033}.Debug|Any CPU.Build.0 = Debug|Any CPU
		{C09C4875-FA01-4664-A505-2E3050B26033}.Release|Any CPU.ActiveCfg = Release|Any CPU
		{C09C4875-FA01-4664-A505-2E3050B26033}.Release|Any CPU.Build.0 = Release|Any CPU
		{FD842AD2-698C-4E5D-8467-0F17DF750BF9}.Debug|Any CPU.ActiveCfg = Debug|Any CPU
		{FD842AD2-698C-4E5D-8467-0F17DF750BF9}.Debug|Any CPU.Build.0 = Debug|Any CPU
		{FD842AD2-698C-4E5D-8467-0F17DF750BF9}.Release|Any CPU.ActiveCfg = Release|Any CPU
		{FD842AD2-698C-4E5D-8467-0F17DF750BF9}.Release|Any CPU.Build.0 = Release|Any CPU
		{0F275222-5FE4-4D4A-BEBE-08108CFB772B}.Debug|Any CPU.ActiveCfg = Debug|Any CPU
		{0F275222-5FE4-4D4A-BEBE-08108CFB772B}.Debug|Any CPU.Build.0 = Debug|Any CPU
		{0F275222-5FE4-4D4A-BEBE-08108CFB772B}.Release|Any CPU.ActiveCfg = Release|Any CPU
		{0F275222-5FE4-4D4A-BEBE-08108CFB772B}.Release|Any CPU.Build.0 = Release|Any CPU
		{113454BB-9BF7-441F-BF38-59DB63203CD9}.Debug|Any CPU.ActiveCfg = Debug|Any CPU
		{113454BB-9BF7-441F-BF38-59DB63203CD9}.Debug|Any CPU.Build.0 = Debug|Any CPU
		{113454BB-9BF7-441F-BF38-59DB63203CD9}.Release|Any CPU.ActiveCfg = Release|Any CPU
		{113454BB-9BF7-441F-BF38-59DB63203CD9}.Release|Any CPU.Build.0 = Release|Any CPU
		{A9517294-87F9-4421-B20D-D5E89EC02C2E}.Debug|Any CPU.ActiveCfg = Debug|Any CPU
		{A9517294-87F9-4421-B20D-D5E89EC02C2E}.Debug|Any CPU.Build.0 = Debug|Any CPU
		{A9517294-87F9-4421-B20D-D5E89EC02C2E}.Release|Any CPU.ActiveCfg = Release|Any CPU
		{A9517294-87F9-4421-B20D-D5E89EC02C2E}.Release|Any CPU.Build.0 = Release|Any CPU
		{81BA4E67-62C5-4940-8815-31E47F93BB0F}.Debug|Any CPU.ActiveCfg = Debug|Any CPU
		{81BA4E67-62C5-4940-8815-31E47F93BB0F}.Debug|Any CPU.Build.0 = Debug|Any CPU
		{81BA4E67-62C5-4940-8815-31E47F93BB0F}.Release|Any CPU.ActiveCfg = Release|Any CPU
		{81BA4E67-62C5-4940-8815-31E47F93BB0F}.Release|Any CPU.Build.0 = Release|Any CPU
		{7EFA1EC9-719D-4B53-B34A-264D07F3A11F}.Debug|Any CPU.ActiveCfg = Debug|Any CPU
		{7EFA1EC9-719D-4B53-B34A-264D07F3A11F}.Debug|Any CPU.Build.0 = Debug|Any CPU
		{7EFA1EC9-719D-4B53-B34A-264D07F3A11F}.Release|Any CPU.ActiveCfg = Release|Any CPU
		{7EFA1EC9-719D-4B53-B34A-264D07F3A11F}.Release|Any CPU.Build.0 = Release|Any CPU
	EndGlobalSection
	GlobalSection(SolutionProperties) = preSolution
		HideSolutionNode = FALSE
	EndGlobalSection
	GlobalSection(ExtensibilityGlobals) = postSolution
		SolutionGuid = {29569E75-BA37-44E4-97D5-85FE07EB2606}
	EndGlobalSection
EndGlobal
